
Microsoft Visual Studio Solution File, Format Version 12.00
# Visual Studio 15
VisualStudioVersion = 15.0.26730.16
MinimumVisualStudioVersion = 10.0.40219.1
Project("{2150E333-8FDC-42A3-9474-1A3956D46DE8}") = "Core", "Core", "{A32EF79E-B88A-4145-98F7-53297FDB32B6}"
EndProject
Project("{2150E333-8FDC-42A3-9474-1A3956D46DE8}") = "Data", "Data", "{2EF35EA7-18D4-4F10-A980-E622B4B5EBB7}"
EndProject
Project("{2150E333-8FDC-42A3-9474-1A3956D46DE8}") = "Logic", "Logic", "{1645503A-EAEB-4803-B911-690A00097476}"
EndProject
Project("{2150E333-8FDC-42A3-9474-1A3956D46DE8}") = "UI", "UI", "{EB44D350-30B5-47CE-90DD-4E27405FB5D0}"
EndProject
Project("{2150E333-8FDC-42A3-9474-1A3956D46DE8}") = "Tests", "Tests", "{434A3E35-1B17-4185-A7C5-504081262E85}"
EndProject
Project("{9A19103F-16F7-4668-BE54-9A1E7A4F7556}") = "Core", "Core\Core.csproj", "{1E5DA1FC-A8C6-4110-93A8-9EBF624F1C9B}"
EndProject
Project("{9A19103F-16F7-4668-BE54-9A1E7A4F7556}") = "Data", "Data\Data.csproj", "{7923F841-D3E1-48A0-9CE6-EAF3C9EF2AE2}"
EndProject
Project("{9A19103F-16F7-4668-BE54-9A1E7A4F7556}") = "Core.Tests", "Core.Tests\Core.Tests.csproj", "{ED5C387C-6565-4B64-90F4-FAC7E9A74E3C}"
EndProject
Project("{9A19103F-16F7-4668-BE54-9A1E7A4F7556}") = "UI.TimeRecord", "UI.TimeRecord\UI.TimeRecord.csproj", "{228CAFCA-C8BE-47E5-95F2-0CF92AA00F2E}"
EndProject
Project("{2150E333-8FDC-42A3-9474-1A3956D46DE8}") = "Tests", "Tests", "{D1DA0045-A008-4604-9567-88FB8D3C420C}"
EndProject
Project("{9A19103F-16F7-4668-BE54-9A1E7A4F7556}") = "UI.TimeRecord.Tests", "UI.TimeRecord.Tests\UI.TimeRecord.Tests.csproj", "{2C9EE8C8-DBFB-43E9-9880-2DF8F8BCADAF}"
EndProject
Project("{9A19103F-16F7-4668-BE54-9A1E7A4F7556}") = "Logic.Common", "Logic.Common\Logic.Common.csproj", "{26AFE6E2-D9DE-44BC-BF0E-C60F01E0E536}"
EndProject
Project("{2150E333-8FDC-42A3-9474-1A3956D46DE8}") = "Logging", "Logging", "{06F3816A-356D-44D3-99C1-92D371405D9D}"
EndProject
Project("{9A19103F-16F7-4668-BE54-9A1E7A4F7556}") = "Logging", "Logging\Logging.csproj", "{63A94C52-6805-473D-9B5C-FC57F08CCD40}"
EndProject
Project("{2150E333-8FDC-42A3-9474-1A3956D46DE8}") = "Tests", "Tests", "{3F44A354-B9F5-4FF9-8605-8F69F9AB3732}"
EndProject
Project("{9A19103F-16F7-4668-BE54-9A1E7A4F7556}") = "Logging.Tests", "Logging.Tests\Logging.Tests.csproj", "{0185D6CE-F680-4EC8-B168-E6CD1F4FD448}"
EndProject
Project("{9A19103F-16F7-4668-BE54-9A1E7A4F7556}") = "SampleData", "SampleData\SampleData.csproj", "{3CBB7439-524C-4F91-9887-732A7FBF6385}"
EndProject
Project("{FAE04EC0-301F-11D3-BF4B-00C04F79EFBC}") = "UI.RunnerManagement", "UI.RunnerManagement\UI.RunnerManagement.csproj", "{55130028-013D-4149-8B26-3B84154AECC7}"
EndProject
Project("{FAE04EC0-301F-11D3-BF4B-00C04F79EFBC}") = "UI.RunnerManagement.Tests", "UI.RunnerManagement.Tests\UI.RunnerManagement.Tests.csproj", "{B499DD58-10B4-426D-B81F-1E6C0C1F3AB5}"
EndProject
Project("{9A19103F-16F7-4668-BE54-9A1E7A4F7556}") = "UI.StartRuns", "UI.StartRuns\UI.StartRuns.csproj", "{69284848-5850-439E-8A74-434A0D00C3CF}"
EndProject
Project("{9A19103F-16F7-4668-BE54-9A1E7A4F7556}") = "Data.Shared", "Data.Shared\Data.Shared.csproj", "{29D2BB85-F452-4D88-8DE8-524DAF1EF265}"
EndProject
Project("{2150E333-8FDC-42A3-9474-1A3956D46DE8}") = "Tests", "Tests", "{42738221-433D-4A9D-89AE-3C73B472C503}"
EndProject
Project("{9A19103F-16F7-4668-BE54-9A1E7A4F7556}") = "Data.Logging", "Data.Logging\Data.Logging.csproj", "{1F8D1899-6631-442C-BF10-D63165CD0AFD}"
EndProject
Project("{2150E333-8FDC-42A3-9474-1A3956D46DE8}") = "Tests", "Tests", "{CE53F71D-5786-495D-9A85-D94EFA4FD971}"
EndProject
Project("{9A19103F-16F7-4668-BE54-9A1E7A4F7556}") = "Logic.Common.Tests", "Logic.Common.Tests\Logic.Common.Tests.csproj", "{1EB33BEE-4513-4664-84F4-4E4194EC962F}"
EndProject
Project("{9A19103F-16F7-4668-BE54-9A1E7A4F7556}") = "Data.Tests", "Data.Tests\Data.Tests.csproj", "{CE10584A-EDC2-4BD7-83F5-EAE6EFD459F1}"
EndProject
Project("{9A19103F-16F7-4668-BE54-9A1E7A4F7556}") = "Data.Sample", "Data.Sample\Data.Sample.csproj", "{95D91337-782A-4587-80CB-0074D9B2031D}"
EndProject
Project("{9A19103F-16F7-4668-BE54-9A1E7A4F7556}") = "UI.JsonImport", "UI.JsonImport\UI.JsonImport.csproj", "{74649823-7900-47D9-8FBB-982CFF5E4F6C}"
EndProject
Project("{9A19103F-16F7-4668-BE54-9A1E7A4F7556}") = "Data.Tests.Integration", "Data.Tests.Integration\Data.Tests.Integration.csproj", "{3CC18666-C172-4D05-9075-E697ADB9E503}"
EndProject
Project("{9A19103F-16F7-4668-BE54-9A1E7A4F7556}") = "Data.Logging.Tests.Integration", "Data.Logging.Tests.Integration\Data.Logging.Tests.Integration.csproj", "{C006BBCC-0E57-439E-B9EC-CC983FBC76F1}"
EndProject
Project("{2150E333-8FDC-42A3-9474-1A3956D46DE8}") = "src", "src", "{0DFED4D0-EC1B-4D10-B9DF-8E2E25D1B0EA}"
EndProject
Project("{2150E333-8FDC-42A3-9474-1A3956D46DE8}") = "solution items", "solution items", "{60598BA2-AEA9-439B-BF0B-D12E3D3D83F5}"
	ProjectSection(SolutionItems) = preProject
		.travis.yml = .travis.yml
		appsettings.json = appsettings.json
		appveyor.yml = appveyor.yml
		azure-pipelines.yml = azure-pipelines.yml
		README.md = README.md
	EndProjectSection
EndProject
Project("{9A19103F-16F7-4668-BE54-9A1E7A4F7556}") = "UI.ExportResults", "UI.ExportResults\UI.ExportResults.csproj", "{FB21FA9A-E128-4C25-BDD6-7EF9904A5972}"
EndProject
Global
	GlobalSection(SolutionConfigurationPlatforms) = preSolution
		Debug|Any CPU = Debug|Any CPU
		Debug|ARM = Debug|ARM
		Debug|x64 = Debug|x64
		Debug|x86 = Debug|x86
		Release|Any CPU = Release|Any CPU
		Release|ARM = Release|ARM
		Release|x64 = Release|x64
		Release|x86 = Release|x86
	EndGlobalSection
	GlobalSection(ProjectConfigurationPlatforms) = postSolution
		{1E5DA1FC-A8C6-4110-93A8-9EBF624F1C9B}.Debug|Any CPU.ActiveCfg = Debug|Any CPU
		{1E5DA1FC-A8C6-4110-93A8-9EBF624F1C9B}.Debug|Any CPU.Build.0 = Debug|Any CPU
		{1E5DA1FC-A8C6-4110-93A8-9EBF624F1C9B}.Debug|ARM.ActiveCfg = Debug|Any CPU
		{1E5DA1FC-A8C6-4110-93A8-9EBF624F1C9B}.Debug|ARM.Build.0 = Debug|Any CPU
		{1E5DA1FC-A8C6-4110-93A8-9EBF624F1C9B}.Debug|x64.ActiveCfg = Debug|Any CPU
		{1E5DA1FC-A8C6-4110-93A8-9EBF624F1C9B}.Debug|x64.Build.0 = Debug|Any CPU
		{1E5DA1FC-A8C6-4110-93A8-9EBF624F1C9B}.Debug|x86.ActiveCfg = Debug|Any CPU
		{1E5DA1FC-A8C6-4110-93A8-9EBF624F1C9B}.Debug|x86.Build.0 = Debug|Any CPU
		{1E5DA1FC-A8C6-4110-93A8-9EBF624F1C9B}.Release|Any CPU.ActiveCfg = Release|Any CPU
		{1E5DA1FC-A8C6-4110-93A8-9EBF624F1C9B}.Release|Any CPU.Build.0 = Release|Any CPU
		{1E5DA1FC-A8C6-4110-93A8-9EBF624F1C9B}.Release|ARM.ActiveCfg = Release|Any CPU
		{1E5DA1FC-A8C6-4110-93A8-9EBF624F1C9B}.Release|ARM.Build.0 = Release|Any CPU
		{1E5DA1FC-A8C6-4110-93A8-9EBF624F1C9B}.Release|x64.ActiveCfg = Release|Any CPU
		{1E5DA1FC-A8C6-4110-93A8-9EBF624F1C9B}.Release|x64.Build.0 = Release|Any CPU
		{1E5DA1FC-A8C6-4110-93A8-9EBF624F1C9B}.Release|x86.ActiveCfg = Release|Any CPU
		{1E5DA1FC-A8C6-4110-93A8-9EBF624F1C9B}.Release|x86.Build.0 = Release|Any CPU
		{7923F841-D3E1-48A0-9CE6-EAF3C9EF2AE2}.Debug|Any CPU.ActiveCfg = Debug|Any CPU
		{7923F841-D3E1-48A0-9CE6-EAF3C9EF2AE2}.Debug|Any CPU.Build.0 = Debug|Any CPU
		{7923F841-D3E1-48A0-9CE6-EAF3C9EF2AE2}.Debug|ARM.ActiveCfg = Debug|Any CPU
		{7923F841-D3E1-48A0-9CE6-EAF3C9EF2AE2}.Debug|ARM.Build.0 = Debug|Any CPU
		{7923F841-D3E1-48A0-9CE6-EAF3C9EF2AE2}.Debug|x64.ActiveCfg = Debug|Any CPU
		{7923F841-D3E1-48A0-9CE6-EAF3C9EF2AE2}.Debug|x64.Build.0 = Debug|Any CPU
		{7923F841-D3E1-48A0-9CE6-EAF3C9EF2AE2}.Debug|x86.ActiveCfg = Debug|Any CPU
		{7923F841-D3E1-48A0-9CE6-EAF3C9EF2AE2}.Debug|x86.Build.0 = Debug|Any CPU
		{7923F841-D3E1-48A0-9CE6-EAF3C9EF2AE2}.Release|Any CPU.ActiveCfg = Release|Any CPU
		{7923F841-D3E1-48A0-9CE6-EAF3C9EF2AE2}.Release|Any CPU.Build.0 = Release|Any CPU
		{7923F841-D3E1-48A0-9CE6-EAF3C9EF2AE2}.Release|ARM.ActiveCfg = Release|Any CPU
		{7923F841-D3E1-48A0-9CE6-EAF3C9EF2AE2}.Release|ARM.Build.0 = Release|Any CPU
		{7923F841-D3E1-48A0-9CE6-EAF3C9EF2AE2}.Release|x64.ActiveCfg = Release|Any CPU
		{7923F841-D3E1-48A0-9CE6-EAF3C9EF2AE2}.Release|x64.Build.0 = Release|Any CPU
		{7923F841-D3E1-48A0-9CE6-EAF3C9EF2AE2}.Release|x86.ActiveCfg = Release|Any CPU
		{7923F841-D3E1-48A0-9CE6-EAF3C9EF2AE2}.Release|x86.Build.0 = Release|Any CPU
		{ED5C387C-6565-4B64-90F4-FAC7E9A74E3C}.Debug|Any CPU.ActiveCfg = Debug|Any CPU
		{ED5C387C-6565-4B64-90F4-FAC7E9A74E3C}.Debug|Any CPU.Build.0 = Debug|Any CPU
		{ED5C387C-6565-4B64-90F4-FAC7E9A74E3C}.Debug|ARM.ActiveCfg = Debug|Any CPU
		{ED5C387C-6565-4B64-90F4-FAC7E9A74E3C}.Debug|ARM.Build.0 = Debug|Any CPU
		{ED5C387C-6565-4B64-90F4-FAC7E9A74E3C}.Debug|x64.ActiveCfg = Debug|Any CPU
		{ED5C387C-6565-4B64-90F4-FAC7E9A74E3C}.Debug|x64.Build.0 = Debug|Any CPU
		{ED5C387C-6565-4B64-90F4-FAC7E9A74E3C}.Debug|x86.ActiveCfg = Debug|Any CPU
		{ED5C387C-6565-4B64-90F4-FAC7E9A74E3C}.Debug|x86.Build.0 = Debug|Any CPU
		{ED5C387C-6565-4B64-90F4-FAC7E9A74E3C}.Release|Any CPU.ActiveCfg = Release|Any CPU
		{ED5C387C-6565-4B64-90F4-FAC7E9A74E3C}.Release|Any CPU.Build.0 = Release|Any CPU
		{ED5C387C-6565-4B64-90F4-FAC7E9A74E3C}.Release|ARM.ActiveCfg = Release|Any CPU
		{ED5C387C-6565-4B64-90F4-FAC7E9A74E3C}.Release|ARM.Build.0 = Release|Any CPU
		{ED5C387C-6565-4B64-90F4-FAC7E9A74E3C}.Release|x64.ActiveCfg = Release|Any CPU
		{ED5C387C-6565-4B64-90F4-FAC7E9A74E3C}.Release|x64.Build.0 = Release|Any CPU
		{ED5C387C-6565-4B64-90F4-FAC7E9A74E3C}.Release|x86.ActiveCfg = Release|Any CPU
		{ED5C387C-6565-4B64-90F4-FAC7E9A74E3C}.Release|x86.Build.0 = Release|Any CPU
		{228CAFCA-C8BE-47E5-95F2-0CF92AA00F2E}.Debug|Any CPU.ActiveCfg = Debug|Any CPU
		{228CAFCA-C8BE-47E5-95F2-0CF92AA00F2E}.Debug|Any CPU.Build.0 = Debug|Any CPU
		{228CAFCA-C8BE-47E5-95F2-0CF92AA00F2E}.Debug|ARM.ActiveCfg = Debug|Any CPU
		{228CAFCA-C8BE-47E5-95F2-0CF92AA00F2E}.Debug|ARM.Build.0 = Debug|Any CPU
		{228CAFCA-C8BE-47E5-95F2-0CF92AA00F2E}.Debug|x64.ActiveCfg = Debug|Any CPU
		{228CAFCA-C8BE-47E5-95F2-0CF92AA00F2E}.Debug|x64.Build.0 = Debug|Any CPU
		{228CAFCA-C8BE-47E5-95F2-0CF92AA00F2E}.Debug|x86.ActiveCfg = Debug|Any CPU
		{228CAFCA-C8BE-47E5-95F2-0CF92AA00F2E}.Debug|x86.Build.0 = Debug|Any CPU
		{228CAFCA-C8BE-47E5-95F2-0CF92AA00F2E}.Release|Any CPU.ActiveCfg = Release|Any CPU
		{228CAFCA-C8BE-47E5-95F2-0CF92AA00F2E}.Release|Any CPU.Build.0 = Release|Any CPU
		{228CAFCA-C8BE-47E5-95F2-0CF92AA00F2E}.Release|ARM.ActiveCfg = Release|Any CPU
		{228CAFCA-C8BE-47E5-95F2-0CF92AA00F2E}.Release|ARM.Build.0 = Release|Any CPU
		{228CAFCA-C8BE-47E5-95F2-0CF92AA00F2E}.Release|x64.ActiveCfg = Release|Any CPU
		{228CAFCA-C8BE-47E5-95F2-0CF92AA00F2E}.Release|x64.Build.0 = Release|Any CPU
		{228CAFCA-C8BE-47E5-95F2-0CF92AA00F2E}.Release|x86.ActiveCfg = Release|Any CPU
		{228CAFCA-C8BE-47E5-95F2-0CF92AA00F2E}.Release|x86.Build.0 = Release|Any CPU
		{2C9EE8C8-DBFB-43E9-9880-2DF8F8BCADAF}.Debug|Any CPU.ActiveCfg = Debug|Any CPU
		{2C9EE8C8-DBFB-43E9-9880-2DF8F8BCADAF}.Debug|Any CPU.Build.0 = Debug|Any CPU
		{2C9EE8C8-DBFB-43E9-9880-2DF8F8BCADAF}.Debug|ARM.ActiveCfg = Debug|Any CPU
		{2C9EE8C8-DBFB-43E9-9880-2DF8F8BCADAF}.Debug|ARM.Build.0 = Debug|Any CPU
		{2C9EE8C8-DBFB-43E9-9880-2DF8F8BCADAF}.Debug|x64.ActiveCfg = Debug|Any CPU
		{2C9EE8C8-DBFB-43E9-9880-2DF8F8BCADAF}.Debug|x64.Build.0 = Debug|Any CPU
		{2C9EE8C8-DBFB-43E9-9880-2DF8F8BCADAF}.Debug|x86.ActiveCfg = Debug|Any CPU
		{2C9EE8C8-DBFB-43E9-9880-2DF8F8BCADAF}.Debug|x86.Build.0 = Debug|Any CPU
		{2C9EE8C8-DBFB-43E9-9880-2DF8F8BCADAF}.Release|Any CPU.ActiveCfg = Release|Any CPU
		{2C9EE8C8-DBFB-43E9-9880-2DF8F8BCADAF}.Release|Any CPU.Build.0 = Release|Any CPU
		{2C9EE8C8-DBFB-43E9-9880-2DF8F8BCADAF}.Release|ARM.ActiveCfg = Release|Any CPU
		{2C9EE8C8-DBFB-43E9-9880-2DF8F8BCADAF}.Release|ARM.Build.0 = Release|Any CPU
		{2C9EE8C8-DBFB-43E9-9880-2DF8F8BCADAF}.Release|x64.ActiveCfg = Release|Any CPU
		{2C9EE8C8-DBFB-43E9-9880-2DF8F8BCADAF}.Release|x64.Build.0 = Release|Any CPU
		{2C9EE8C8-DBFB-43E9-9880-2DF8F8BCADAF}.Release|x86.ActiveCfg = Release|Any CPU
		{2C9EE8C8-DBFB-43E9-9880-2DF8F8BCADAF}.Release|x86.Build.0 = Release|Any CPU
		{26AFE6E2-D9DE-44BC-BF0E-C60F01E0E536}.Debug|Any CPU.ActiveCfg = Debug|Any CPU
		{26AFE6E2-D9DE-44BC-BF0E-C60F01E0E536}.Debug|Any CPU.Build.0 = Debug|Any CPU
		{26AFE6E2-D9DE-44BC-BF0E-C60F01E0E536}.Debug|ARM.ActiveCfg = Debug|Any CPU
		{26AFE6E2-D9DE-44BC-BF0E-C60F01E0E536}.Debug|ARM.Build.0 = Debug|Any CPU
		{26AFE6E2-D9DE-44BC-BF0E-C60F01E0E536}.Debug|x64.ActiveCfg = Debug|Any CPU
		{26AFE6E2-D9DE-44BC-BF0E-C60F01E0E536}.Debug|x64.Build.0 = Debug|Any CPU
		{26AFE6E2-D9DE-44BC-BF0E-C60F01E0E536}.Debug|x86.ActiveCfg = Debug|Any CPU
		{26AFE6E2-D9DE-44BC-BF0E-C60F01E0E536}.Debug|x86.Build.0 = Debug|Any CPU
		{26AFE6E2-D9DE-44BC-BF0E-C60F01E0E536}.Release|Any CPU.ActiveCfg = Release|Any CPU
		{26AFE6E2-D9DE-44BC-BF0E-C60F01E0E536}.Release|Any CPU.Build.0 = Release|Any CPU
		{26AFE6E2-D9DE-44BC-BF0E-C60F01E0E536}.Release|ARM.ActiveCfg = Release|Any CPU
		{26AFE6E2-D9DE-44BC-BF0E-C60F01E0E536}.Release|ARM.Build.0 = Release|Any CPU
		{26AFE6E2-D9DE-44BC-BF0E-C60F01E0E536}.Release|x64.ActiveCfg = Release|Any CPU
		{26AFE6E2-D9DE-44BC-BF0E-C60F01E0E536}.Release|x64.Build.0 = Release|Any CPU
		{26AFE6E2-D9DE-44BC-BF0E-C60F01E0E536}.Release|x86.ActiveCfg = Release|Any CPU
		{26AFE6E2-D9DE-44BC-BF0E-C60F01E0E536}.Release|x86.Build.0 = Release|Any CPU
		{63A94C52-6805-473D-9B5C-FC57F08CCD40}.Debug|Any CPU.ActiveCfg = Debug|Any CPU
		{63A94C52-6805-473D-9B5C-FC57F08CCD40}.Debug|Any CPU.Build.0 = Debug|Any CPU
		{63A94C52-6805-473D-9B5C-FC57F08CCD40}.Debug|ARM.ActiveCfg = Debug|Any CPU
		{63A94C52-6805-473D-9B5C-FC57F08CCD40}.Debug|ARM.Build.0 = Debug|Any CPU
		{63A94C52-6805-473D-9B5C-FC57F08CCD40}.Debug|x64.ActiveCfg = Debug|Any CPU
		{63A94C52-6805-473D-9B5C-FC57F08CCD40}.Debug|x64.Build.0 = Debug|Any CPU
		{63A94C52-6805-473D-9B5C-FC57F08CCD40}.Debug|x86.ActiveCfg = Debug|Any CPU
		{63A94C52-6805-473D-9B5C-FC57F08CCD40}.Debug|x86.Build.0 = Debug|Any CPU
		{63A94C52-6805-473D-9B5C-FC57F08CCD40}.Release|Any CPU.ActiveCfg = Release|Any CPU
		{63A94C52-6805-473D-9B5C-FC57F08CCD40}.Release|Any CPU.Build.0 = Release|Any CPU
		{63A94C52-6805-473D-9B5C-FC57F08CCD40}.Release|ARM.ActiveCfg = Release|Any CPU
		{63A94C52-6805-473D-9B5C-FC57F08CCD40}.Release|ARM.Build.0 = Release|Any CPU
		{63A94C52-6805-473D-9B5C-FC57F08CCD40}.Release|x64.ActiveCfg = Release|Any CPU
		{63A94C52-6805-473D-9B5C-FC57F08CCD40}.Release|x64.Build.0 = Release|Any CPU
		{63A94C52-6805-473D-9B5C-FC57F08CCD40}.Release|x86.ActiveCfg = Release|Any CPU
		{63A94C52-6805-473D-9B5C-FC57F08CCD40}.Release|x86.Build.0 = Release|Any CPU
		{0185D6CE-F680-4EC8-B168-E6CD1F4FD448}.Debug|Any CPU.ActiveCfg = Debug|Any CPU
		{0185D6CE-F680-4EC8-B168-E6CD1F4FD448}.Debug|Any CPU.Build.0 = Debug|Any CPU
		{0185D6CE-F680-4EC8-B168-E6CD1F4FD448}.Debug|ARM.ActiveCfg = Debug|Any CPU
		{0185D6CE-F680-4EC8-B168-E6CD1F4FD448}.Debug|ARM.Build.0 = Debug|Any CPU
		{0185D6CE-F680-4EC8-B168-E6CD1F4FD448}.Debug|x64.ActiveCfg = Debug|Any CPU
		{0185D6CE-F680-4EC8-B168-E6CD1F4FD448}.Debug|x64.Build.0 = Debug|Any CPU
		{0185D6CE-F680-4EC8-B168-E6CD1F4FD448}.Debug|x86.ActiveCfg = Debug|Any CPU
		{0185D6CE-F680-4EC8-B168-E6CD1F4FD448}.Debug|x86.Build.0 = Debug|Any CPU
		{0185D6CE-F680-4EC8-B168-E6CD1F4FD448}.Release|Any CPU.ActiveCfg = Release|Any CPU
		{0185D6CE-F680-4EC8-B168-E6CD1F4FD448}.Release|Any CPU.Build.0 = Release|Any CPU
		{0185D6CE-F680-4EC8-B168-E6CD1F4FD448}.Release|ARM.ActiveCfg = Release|Any CPU
		{0185D6CE-F680-4EC8-B168-E6CD1F4FD448}.Release|ARM.Build.0 = Release|Any CPU
		{0185D6CE-F680-4EC8-B168-E6CD1F4FD448}.Release|x64.ActiveCfg = Release|Any CPU
		{0185D6CE-F680-4EC8-B168-E6CD1F4FD448}.Release|x64.Build.0 = Release|Any CPU
		{0185D6CE-F680-4EC8-B168-E6CD1F4FD448}.Release|x86.ActiveCfg = Release|Any CPU
		{0185D6CE-F680-4EC8-B168-E6CD1F4FD448}.Release|x86.Build.0 = Release|Any CPU
		{3CBB7439-524C-4F91-9887-732A7FBF6385}.Debug|Any CPU.ActiveCfg = Debug|Any CPU
		{3CBB7439-524C-4F91-9887-732A7FBF6385}.Debug|Any CPU.Build.0 = Debug|Any CPU
		{3CBB7439-524C-4F91-9887-732A7FBF6385}.Debug|ARM.ActiveCfg = Debug|Any CPU
		{3CBB7439-524C-4F91-9887-732A7FBF6385}.Debug|ARM.Build.0 = Debug|Any CPU
		{3CBB7439-524C-4F91-9887-732A7FBF6385}.Debug|x64.ActiveCfg = Debug|Any CPU
		{3CBB7439-524C-4F91-9887-732A7FBF6385}.Debug|x64.Build.0 = Debug|Any CPU
		{3CBB7439-524C-4F91-9887-732A7FBF6385}.Debug|x86.ActiveCfg = Debug|Any CPU
		{3CBB7439-524C-4F91-9887-732A7FBF6385}.Debug|x86.Build.0 = Debug|Any CPU
		{3CBB7439-524C-4F91-9887-732A7FBF6385}.Release|Any CPU.ActiveCfg = Release|Any CPU
		{3CBB7439-524C-4F91-9887-732A7FBF6385}.Release|Any CPU.Build.0 = Release|Any CPU
		{3CBB7439-524C-4F91-9887-732A7FBF6385}.Release|ARM.ActiveCfg = Release|Any CPU
		{3CBB7439-524C-4F91-9887-732A7FBF6385}.Release|ARM.Build.0 = Release|Any CPU
		{3CBB7439-524C-4F91-9887-732A7FBF6385}.Release|x64.ActiveCfg = Release|Any CPU
		{3CBB7439-524C-4F91-9887-732A7FBF6385}.Release|x64.Build.0 = Release|Any CPU
		{3CBB7439-524C-4F91-9887-732A7FBF6385}.Release|x86.ActiveCfg = Release|Any CPU
		{3CBB7439-524C-4F91-9887-732A7FBF6385}.Release|x86.Build.0 = Release|Any CPU
		{55130028-013D-4149-8B26-3B84154AECC7}.Debug|Any CPU.ActiveCfg = Debug|Any CPU
		{55130028-013D-4149-8B26-3B84154AECC7}.Debug|Any CPU.Build.0 = Debug|Any CPU
		{55130028-013D-4149-8B26-3B84154AECC7}.Debug|ARM.ActiveCfg = Debug|Any CPU
		{55130028-013D-4149-8B26-3B84154AECC7}.Debug|ARM.Build.0 = Debug|Any CPU
		{55130028-013D-4149-8B26-3B84154AECC7}.Debug|x64.ActiveCfg = Debug|Any CPU
		{55130028-013D-4149-8B26-3B84154AECC7}.Debug|x64.Build.0 = Debug|Any CPU
		{55130028-013D-4149-8B26-3B84154AECC7}.Debug|x86.ActiveCfg = Debug|Any CPU
		{55130028-013D-4149-8B26-3B84154AECC7}.Debug|x86.Build.0 = Debug|Any CPU
		{55130028-013D-4149-8B26-3B84154AECC7}.Release|Any CPU.ActiveCfg = Release|Any CPU
		{55130028-013D-4149-8B26-3B84154AECC7}.Release|Any CPU.Build.0 = Release|Any CPU
		{55130028-013D-4149-8B26-3B84154AECC7}.Release|ARM.ActiveCfg = Release|Any CPU
		{55130028-013D-4149-8B26-3B84154AECC7}.Release|ARM.Build.0 = Release|Any CPU
		{55130028-013D-4149-8B26-3B84154AECC7}.Release|x64.ActiveCfg = Release|Any CPU
		{55130028-013D-4149-8B26-3B84154AECC7}.Release|x64.Build.0 = Release|Any CPU
		{55130028-013D-4149-8B26-3B84154AECC7}.Release|x86.ActiveCfg = Release|Any CPU
		{55130028-013D-4149-8B26-3B84154AECC7}.Release|x86.Build.0 = Release|Any CPU
		{B499DD58-10B4-426D-B81F-1E6C0C1F3AB5}.Debug|Any CPU.ActiveCfg = Debug|Any CPU
		{B499DD58-10B4-426D-B81F-1E6C0C1F3AB5}.Debug|Any CPU.Build.0 = Debug|Any CPU
		{B499DD58-10B4-426D-B81F-1E6C0C1F3AB5}.Debug|ARM.ActiveCfg = Debug|Any CPU
		{B499DD58-10B4-426D-B81F-1E6C0C1F3AB5}.Debug|ARM.Build.0 = Debug|Any CPU
		{B499DD58-10B4-426D-B81F-1E6C0C1F3AB5}.Debug|x64.ActiveCfg = Debug|Any CPU
		{B499DD58-10B4-426D-B81F-1E6C0C1F3AB5}.Debug|x64.Build.0 = Debug|Any CPU
		{B499DD58-10B4-426D-B81F-1E6C0C1F3AB5}.Debug|x86.ActiveCfg = Debug|Any CPU
		{B499DD58-10B4-426D-B81F-1E6C0C1F3AB5}.Debug|x86.Build.0 = Debug|Any CPU
		{B499DD58-10B4-426D-B81F-1E6C0C1F3AB5}.Release|Any CPU.ActiveCfg = Release|Any CPU
		{B499DD58-10B4-426D-B81F-1E6C0C1F3AB5}.Release|Any CPU.Build.0 = Release|Any CPU
		{B499DD58-10B4-426D-B81F-1E6C0C1F3AB5}.Release|ARM.ActiveCfg = Release|Any CPU
		{B499DD58-10B4-426D-B81F-1E6C0C1F3AB5}.Release|ARM.Build.0 = Release|Any CPU
		{B499DD58-10B4-426D-B81F-1E6C0C1F3AB5}.Release|x64.ActiveCfg = Release|Any CPU
		{B499DD58-10B4-426D-B81F-1E6C0C1F3AB5}.Release|x64.Build.0 = Release|Any CPU
		{B499DD58-10B4-426D-B81F-1E6C0C1F3AB5}.Release|x86.ActiveCfg = Release|Any CPU
		{B499DD58-10B4-426D-B81F-1E6C0C1F3AB5}.Release|x86.Build.0 = Release|Any CPU
		{69284848-5850-439E-8A74-434A0D00C3CF}.Debug|Any CPU.ActiveCfg = Debug|Any CPU
		{69284848-5850-439E-8A74-434A0D00C3CF}.Debug|Any CPU.Build.0 = Debug|Any CPU
		{69284848-5850-439E-8A74-434A0D00C3CF}.Debug|ARM.ActiveCfg = Debug|Any CPU
		{69284848-5850-439E-8A74-434A0D00C3CF}.Debug|ARM.Build.0 = Debug|Any CPU
		{69284848-5850-439E-8A74-434A0D00C3CF}.Debug|x64.ActiveCfg = Debug|Any CPU
		{69284848-5850-439E-8A74-434A0D00C3CF}.Debug|x64.Build.0 = Debug|Any CPU
		{69284848-5850-439E-8A74-434A0D00C3CF}.Debug|x86.ActiveCfg = Debug|Any CPU
		{69284848-5850-439E-8A74-434A0D00C3CF}.Debug|x86.Build.0 = Debug|Any CPU
		{69284848-5850-439E-8A74-434A0D00C3CF}.Release|Any CPU.ActiveCfg = Release|Any CPU
		{69284848-5850-439E-8A74-434A0D00C3CF}.Release|Any CPU.Build.0 = Release|Any CPU
		{69284848-5850-439E-8A74-434A0D00C3CF}.Release|ARM.ActiveCfg = Release|Any CPU
		{69284848-5850-439E-8A74-434A0D00C3CF}.Release|ARM.Build.0 = Release|Any CPU
		{69284848-5850-439E-8A74-434A0D00C3CF}.Release|x64.ActiveCfg = Release|Any CPU
		{69284848-5850-439E-8A74-434A0D00C3CF}.Release|x64.Build.0 = Release|Any CPU
		{69284848-5850-439E-8A74-434A0D00C3CF}.Release|x86.ActiveCfg = Release|Any CPU
		{69284848-5850-439E-8A74-434A0D00C3CF}.Release|x86.Build.0 = Release|Any CPU
		{29D2BB85-F452-4D88-8DE8-524DAF1EF265}.Debug|Any CPU.ActiveCfg = Debug|Any CPU
		{29D2BB85-F452-4D88-8DE8-524DAF1EF265}.Debug|Any CPU.Build.0 = Debug|Any CPU
		{29D2BB85-F452-4D88-8DE8-524DAF1EF265}.Debug|ARM.ActiveCfg = Debug|Any CPU
		{29D2BB85-F452-4D88-8DE8-524DAF1EF265}.Debug|ARM.Build.0 = Debug|Any CPU
		{29D2BB85-F452-4D88-8DE8-524DAF1EF265}.Debug|x64.ActiveCfg = Debug|Any CPU
		{29D2BB85-F452-4D88-8DE8-524DAF1EF265}.Debug|x64.Build.0 = Debug|Any CPU
		{29D2BB85-F452-4D88-8DE8-524DAF1EF265}.Debug|x86.ActiveCfg = Debug|Any CPU
		{29D2BB85-F452-4D88-8DE8-524DAF1EF265}.Debug|x86.Build.0 = Debug|Any CPU
		{29D2BB85-F452-4D88-8DE8-524DAF1EF265}.Release|Any CPU.ActiveCfg = Release|Any CPU
		{29D2BB85-F452-4D88-8DE8-524DAF1EF265}.Release|Any CPU.Build.0 = Release|Any CPU
		{29D2BB85-F452-4D88-8DE8-524DAF1EF265}.Release|ARM.ActiveCfg = Release|Any CPU
		{29D2BB85-F452-4D88-8DE8-524DAF1EF265}.Release|ARM.Build.0 = Release|Any CPU
		{29D2BB85-F452-4D88-8DE8-524DAF1EF265}.Release|x64.ActiveCfg = Release|Any CPU
		{29D2BB85-F452-4D88-8DE8-524DAF1EF265}.Release|x64.Build.0 = Release|Any CPU
		{29D2BB85-F452-4D88-8DE8-524DAF1EF265}.Release|x86.ActiveCfg = Release|Any CPU
		{29D2BB85-F452-4D88-8DE8-524DAF1EF265}.Release|x86.Build.0 = Release|Any CPU
		{1F8D1899-6631-442C-BF10-D63165CD0AFD}.Debug|Any CPU.ActiveCfg = Debug|Any CPU
		{1F8D1899-6631-442C-BF10-D63165CD0AFD}.Debug|Any CPU.Build.0 = Debug|Any CPU
		{1F8D1899-6631-442C-BF10-D63165CD0AFD}.Debug|ARM.ActiveCfg = Debug|Any CPU
		{1F8D1899-6631-442C-BF10-D63165CD0AFD}.Debug|ARM.Build.0 = Debug|Any CPU
		{1F8D1899-6631-442C-BF10-D63165CD0AFD}.Debug|x64.ActiveCfg = Debug|Any CPU
		{1F8D1899-6631-442C-BF10-D63165CD0AFD}.Debug|x64.Build.0 = Debug|Any CPU
		{1F8D1899-6631-442C-BF10-D63165CD0AFD}.Debug|x86.ActiveCfg = Debug|Any CPU
		{1F8D1899-6631-442C-BF10-D63165CD0AFD}.Debug|x86.Build.0 = Debug|Any CPU
		{1F8D1899-6631-442C-BF10-D63165CD0AFD}.Release|Any CPU.ActiveCfg = Release|Any CPU
		{1F8D1899-6631-442C-BF10-D63165CD0AFD}.Release|Any CPU.Build.0 = Release|Any CPU
		{1F8D1899-6631-442C-BF10-D63165CD0AFD}.Release|ARM.ActiveCfg = Release|Any CPU
		{1F8D1899-6631-442C-BF10-D63165CD0AFD}.Release|ARM.Build.0 = Release|Any CPU
		{1F8D1899-6631-442C-BF10-D63165CD0AFD}.Release|x64.ActiveCfg = Release|Any CPU
		{1F8D1899-6631-442C-BF10-D63165CD0AFD}.Release|x64.Build.0 = Release|Any CPU
		{1F8D1899-6631-442C-BF10-D63165CD0AFD}.Release|x86.ActiveCfg = Release|Any CPU
		{1F8D1899-6631-442C-BF10-D63165CD0AFD}.Release|x86.Build.0 = Release|Any CPU
		{1EB33BEE-4513-4664-84F4-4E4194EC962F}.Debug|Any CPU.ActiveCfg = Debug|Any CPU
		{1EB33BEE-4513-4664-84F4-4E4194EC962F}.Debug|Any CPU.Build.0 = Debug|Any CPU
		{1EB33BEE-4513-4664-84F4-4E4194EC962F}.Debug|ARM.ActiveCfg = Debug|Any CPU
		{1EB33BEE-4513-4664-84F4-4E4194EC962F}.Debug|ARM.Build.0 = Debug|Any CPU
		{1EB33BEE-4513-4664-84F4-4E4194EC962F}.Debug|x64.ActiveCfg = Debug|Any CPU
		{1EB33BEE-4513-4664-84F4-4E4194EC962F}.Debug|x64.Build.0 = Debug|Any CPU
		{1EB33BEE-4513-4664-84F4-4E4194EC962F}.Debug|x86.ActiveCfg = Debug|Any CPU
		{1EB33BEE-4513-4664-84F4-4E4194EC962F}.Debug|x86.Build.0 = Debug|Any CPU
		{1EB33BEE-4513-4664-84F4-4E4194EC962F}.Release|Any CPU.ActiveCfg = Release|Any CPU
		{1EB33BEE-4513-4664-84F4-4E4194EC962F}.Release|Any CPU.Build.0 = Release|Any CPU
		{1EB33BEE-4513-4664-84F4-4E4194EC962F}.Release|ARM.ActiveCfg = Release|Any CPU
		{1EB33BEE-4513-4664-84F4-4E4194EC962F}.Release|ARM.Build.0 = Release|Any CPU
		{1EB33BEE-4513-4664-84F4-4E4194EC962F}.Release|x64.ActiveCfg = Release|Any CPU
		{1EB33BEE-4513-4664-84F4-4E4194EC962F}.Release|x64.Build.0 = Release|Any CPU
		{1EB33BEE-4513-4664-84F4-4E4194EC962F}.Release|x86.ActiveCfg = Release|Any CPU
		{1EB33BEE-4513-4664-84F4-4E4194EC962F}.Release|x86.Build.0 = Release|Any CPU
		{CE10584A-EDC2-4BD7-83F5-EAE6EFD459F1}.Debug|Any CPU.ActiveCfg = Debug|Any CPU
		{CE10584A-EDC2-4BD7-83F5-EAE6EFD459F1}.Debug|Any CPU.Build.0 = Debug|Any CPU
		{CE10584A-EDC2-4BD7-83F5-EAE6EFD459F1}.Debug|ARM.ActiveCfg = Debug|Any CPU
		{CE10584A-EDC2-4BD7-83F5-EAE6EFD459F1}.Debug|ARM.Build.0 = Debug|Any CPU
		{CE10584A-EDC2-4BD7-83F5-EAE6EFD459F1}.Debug|x64.ActiveCfg = Debug|Any CPU
		{CE10584A-EDC2-4BD7-83F5-EAE6EFD459F1}.Debug|x64.Build.0 = Debug|Any CPU
		{CE10584A-EDC2-4BD7-83F5-EAE6EFD459F1}.Debug|x86.ActiveCfg = Debug|Any CPU
		{CE10584A-EDC2-4BD7-83F5-EAE6EFD459F1}.Debug|x86.Build.0 = Debug|Any CPU
		{CE10584A-EDC2-4BD7-83F5-EAE6EFD459F1}.Release|Any CPU.ActiveCfg = Release|Any CPU
		{CE10584A-EDC2-4BD7-83F5-EAE6EFD459F1}.Release|Any CPU.Build.0 = Release|Any CPU
		{CE10584A-EDC2-4BD7-83F5-EAE6EFD459F1}.Release|ARM.ActiveCfg = Release|Any CPU
		{CE10584A-EDC2-4BD7-83F5-EAE6EFD459F1}.Release|ARM.Build.0 = Release|Any CPU
		{CE10584A-EDC2-4BD7-83F5-EAE6EFD459F1}.Release|x64.ActiveCfg = Release|Any CPU
		{CE10584A-EDC2-4BD7-83F5-EAE6EFD459F1}.Release|x64.Build.0 = Release|Any CPU
		{CE10584A-EDC2-4BD7-83F5-EAE6EFD459F1}.Release|x86.ActiveCfg = Release|Any CPU
		{CE10584A-EDC2-4BD7-83F5-EAE6EFD459F1}.Release|x86.Build.0 = Release|Any CPU
		{95D91337-782A-4587-80CB-0074D9B2031D}.Debug|Any CPU.ActiveCfg = Debug|Any CPU
		{95D91337-782A-4587-80CB-0074D9B2031D}.Debug|Any CPU.Build.0 = Debug|Any CPU
		{95D91337-782A-4587-80CB-0074D9B2031D}.Debug|ARM.ActiveCfg = Debug|Any CPU
		{95D91337-782A-4587-80CB-0074D9B2031D}.Debug|ARM.Build.0 = Debug|Any CPU
		{95D91337-782A-4587-80CB-0074D9B2031D}.Debug|x64.ActiveCfg = Debug|Any CPU
		{95D91337-782A-4587-80CB-0074D9B2031D}.Debug|x64.Build.0 = Debug|Any CPU
		{95D91337-782A-4587-80CB-0074D9B2031D}.Debug|x86.ActiveCfg = Debug|Any CPU
		{95D91337-782A-4587-80CB-0074D9B2031D}.Debug|x86.Build.0 = Debug|Any CPU
		{95D91337-782A-4587-80CB-0074D9B2031D}.Release|Any CPU.ActiveCfg = Release|Any CPU
		{95D91337-782A-4587-80CB-0074D9B2031D}.Release|Any CPU.Build.0 = Release|Any CPU
		{95D91337-782A-4587-80CB-0074D9B2031D}.Release|ARM.ActiveCfg = Release|Any CPU
		{95D91337-782A-4587-80CB-0074D9B2031D}.Release|ARM.Build.0 = Release|Any CPU
		{95D91337-782A-4587-80CB-0074D9B2031D}.Release|x64.ActiveCfg = Release|Any CPU
		{95D91337-782A-4587-80CB-0074D9B2031D}.Release|x64.Build.0 = Release|Any CPU
		{95D91337-782A-4587-80CB-0074D9B2031D}.Release|x86.ActiveCfg = Release|Any CPU
		{95D91337-782A-4587-80CB-0074D9B2031D}.Release|x86.Build.0 = Release|Any CPU
		{74649823-7900-47D9-8FBB-982CFF5E4F6C}.Debug|Any CPU.ActiveCfg = Debug|Any CPU
		{74649823-7900-47D9-8FBB-982CFF5E4F6C}.Debug|Any CPU.Build.0 = Debug|Any CPU
		{74649823-7900-47D9-8FBB-982CFF5E4F6C}.Debug|ARM.ActiveCfg = Debug|Any CPU
		{74649823-7900-47D9-8FBB-982CFF5E4F6C}.Debug|ARM.Build.0 = Debug|Any CPU
		{74649823-7900-47D9-8FBB-982CFF5E4F6C}.Debug|x64.ActiveCfg = Debug|Any CPU
		{74649823-7900-47D9-8FBB-982CFF5E4F6C}.Debug|x64.Build.0 = Debug|Any CPU
		{74649823-7900-47D9-8FBB-982CFF5E4F6C}.Debug|x86.ActiveCfg = Debug|Any CPU
		{74649823-7900-47D9-8FBB-982CFF5E4F6C}.Debug|x86.Build.0 = Debug|Any CPU
		{74649823-7900-47D9-8FBB-982CFF5E4F6C}.Release|Any CPU.ActiveCfg = Release|Any CPU
		{74649823-7900-47D9-8FBB-982CFF5E4F6C}.Release|Any CPU.Build.0 = Release|Any CPU
		{74649823-7900-47D9-8FBB-982CFF5E4F6C}.Release|ARM.ActiveCfg = Release|Any CPU
		{74649823-7900-47D9-8FBB-982CFF5E4F6C}.Release|ARM.Build.0 = Release|Any CPU
		{74649823-7900-47D9-8FBB-982CFF5E4F6C}.Release|x64.ActiveCfg = Release|Any CPU
		{74649823-7900-47D9-8FBB-982CFF5E4F6C}.Release|x64.Build.0 = Release|Any CPU
		{74649823-7900-47D9-8FBB-982CFF5E4F6C}.Release|x86.ActiveCfg = Release|Any CPU
		{74649823-7900-47D9-8FBB-982CFF5E4F6C}.Release|x86.Build.0 = Release|Any CPU
		{3CC18666-C172-4D05-9075-E697ADB9E503}.Debug|Any CPU.ActiveCfg = Debug|Any CPU
		{3CC18666-C172-4D05-9075-E697ADB9E503}.Debug|Any CPU.Build.0 = Debug|Any CPU
		{3CC18666-C172-4D05-9075-E697ADB9E503}.Debug|ARM.ActiveCfg = Debug|Any CPU
		{3CC18666-C172-4D05-9075-E697ADB9E503}.Debug|ARM.Build.0 = Debug|Any CPU
		{3CC18666-C172-4D05-9075-E697ADB9E503}.Debug|x64.ActiveCfg = Debug|Any CPU
		{3CC18666-C172-4D05-9075-E697ADB9E503}.Debug|x64.Build.0 = Debug|Any CPU
		{3CC18666-C172-4D05-9075-E697ADB9E503}.Debug|x86.ActiveCfg = Debug|Any CPU
		{3CC18666-C172-4D05-9075-E697ADB9E503}.Debug|x86.Build.0 = Debug|Any CPU
		{3CC18666-C172-4D05-9075-E697ADB9E503}.Release|Any CPU.ActiveCfg = Release|Any CPU
		{3CC18666-C172-4D05-9075-E697ADB9E503}.Release|Any CPU.Build.0 = Release|Any CPU
		{3CC18666-C172-4D05-9075-E697ADB9E503}.Release|ARM.ActiveCfg = Release|Any CPU
		{3CC18666-C172-4D05-9075-E697ADB9E503}.Release|ARM.Build.0 = Release|Any CPU
		{3CC18666-C172-4D05-9075-E697ADB9E503}.Release|x64.ActiveCfg = Release|Any CPU
		{3CC18666-C172-4D05-9075-E697ADB9E503}.Release|x64.Build.0 = Release|Any CPU
		{3CC18666-C172-4D05-9075-E697ADB9E503}.Release|x86.ActiveCfg = Release|Any CPU
		{3CC18666-C172-4D05-9075-E697ADB9E503}.Release|x86.Build.0 = Release|Any CPU
		{C006BBCC-0E57-439E-B9EC-CC983FBC76F1}.Debug|Any CPU.ActiveCfg = Debug|Any CPU
		{C006BBCC-0E57-439E-B9EC-CC983FBC76F1}.Debug|Any CPU.Build.0 = Debug|Any CPU
		{C006BBCC-0E57-439E-B9EC-CC983FBC76F1}.Debug|ARM.ActiveCfg = Debug|Any CPU
		{C006BBCC-0E57-439E-B9EC-CC983FBC76F1}.Debug|ARM.Build.0 = Debug|Any CPU
		{C006BBCC-0E57-439E-B9EC-CC983FBC76F1}.Debug|x64.ActiveCfg = Debug|Any CPU
		{C006BBCC-0E57-439E-B9EC-CC983FBC76F1}.Debug|x64.Build.0 = Debug|Any CPU
		{C006BBCC-0E57-439E-B9EC-CC983FBC76F1}.Debug|x86.ActiveCfg = Debug|Any CPU
		{C006BBCC-0E57-439E-B9EC-CC983FBC76F1}.Debug|x86.Build.0 = Debug|Any CPU
		{C006BBCC-0E57-439E-B9EC-CC983FBC76F1}.Release|Any CPU.ActiveCfg = Release|Any CPU
		{C006BBCC-0E57-439E-B9EC-CC983FBC76F1}.Release|Any CPU.Build.0 = Release|Any CPU
		{C006BBCC-0E57-439E-B9EC-CC983FBC76F1}.Release|ARM.ActiveCfg = Release|Any CPU
		{C006BBCC-0E57-439E-B9EC-CC983FBC76F1}.Release|ARM.Build.0 = Release|Any CPU
		{C006BBCC-0E57-439E-B9EC-CC983FBC76F1}.Release|x64.ActiveCfg = Release|Any CPU
		{C006BBCC-0E57-439E-B9EC-CC983FBC76F1}.Release|x64.Build.0 = Release|Any CPU
		{C006BBCC-0E57-439E-B9EC-CC983FBC76F1}.Release|x86.ActiveCfg = Release|Any CPU
		{C006BBCC-0E57-439E-B9EC-CC983FBC76F1}.Release|x86.Build.0 = Release|Any CPU
		{FB21FA9A-E128-4C25-BDD6-7EF9904A5972}.Debug|Any CPU.ActiveCfg = Debug|Any CPU
		{FB21FA9A-E128-4C25-BDD6-7EF9904A5972}.Debug|Any CPU.Build.0 = Debug|Any CPU
		{FB21FA9A-E128-4C25-BDD6-7EF9904A5972}.Debug|ARM.ActiveCfg = Debug|Any CPU
		{FB21FA9A-E128-4C25-BDD6-7EF9904A5972}.Debug|ARM.Build.0 = Debug|Any CPU
		{FB21FA9A-E128-4C25-BDD6-7EF9904A5972}.Debug|x64.ActiveCfg = Debug|Any CPU
		{FB21FA9A-E128-4C25-BDD6-7EF9904A5972}.Debug|x64.Build.0 = Debug|Any CPU
		{FB21FA9A-E128-4C25-BDD6-7EF9904A5972}.Debug|x86.ActiveCfg = Debug|Any CPU
		{FB21FA9A-E128-4C25-BDD6-7EF9904A5972}.Debug|x86.Build.0 = Debug|Any CPU
		{FB21FA9A-E128-4C25-BDD6-7EF9904A5972}.Release|Any CPU.ActiveCfg = Release|Any CPU
		{FB21FA9A-E128-4C25-BDD6-7EF9904A5972}.Release|Any CPU.Build.0 = Release|Any CPU
		{FB21FA9A-E128-4C25-BDD6-7EF9904A5972}.Release|ARM.ActiveCfg = Release|Any CPU
		{FB21FA9A-E128-4C25-BDD6-7EF9904A5972}.Release|ARM.Build.0 = Release|Any CPU
		{FB21FA9A-E128-4C25-BDD6-7EF9904A5972}.Release|x64.ActiveCfg = Release|Any CPU
		{FB21FA9A-E128-4C25-BDD6-7EF9904A5972}.Release|x64.Build.0 = Release|Any CPU
		{FB21FA9A-E128-4C25-BDD6-7EF9904A5972}.Release|x86.ActiveCfg = Release|Any CPU
		{FB21FA9A-E128-4C25-BDD6-7EF9904A5972}.Release|x86.Build.0 = Release|Any CPU
	EndGlobalSection
	GlobalSection(SolutionProperties) = preSolution
		HideSolutionNode = FALSE
	EndGlobalSection
	GlobalSection(NestedProjects) = preSolution
		{A32EF79E-B88A-4145-98F7-53297FDB32B6} = {0DFED4D0-EC1B-4D10-B9DF-8E2E25D1B0EA}
		{2EF35EA7-18D4-4F10-A980-E622B4B5EBB7} = {0DFED4D0-EC1B-4D10-B9DF-8E2E25D1B0EA}
		{1645503A-EAEB-4803-B911-690A00097476} = {0DFED4D0-EC1B-4D10-B9DF-8E2E25D1B0EA}
		{EB44D350-30B5-47CE-90DD-4E27405FB5D0} = {0DFED4D0-EC1B-4D10-B9DF-8E2E25D1B0EA}
		{434A3E35-1B17-4185-A7C5-504081262E85} = {A32EF79E-B88A-4145-98F7-53297FDB32B6}
		{1E5DA1FC-A8C6-4110-93A8-9EBF624F1C9B} = {A32EF79E-B88A-4145-98F7-53297FDB32B6}
		{7923F841-D3E1-48A0-9CE6-EAF3C9EF2AE2} = {2EF35EA7-18D4-4F10-A980-E622B4B5EBB7}
		{ED5C387C-6565-4B64-90F4-FAC7E9A74E3C} = {434A3E35-1B17-4185-A7C5-504081262E85}
		{228CAFCA-C8BE-47E5-95F2-0CF92AA00F2E} = {EB44D350-30B5-47CE-90DD-4E27405FB5D0}
		{D1DA0045-A008-4604-9567-88FB8D3C420C} = {EB44D350-30B5-47CE-90DD-4E27405FB5D0}
		{2C9EE8C8-DBFB-43E9-9880-2DF8F8BCADAF} = {D1DA0045-A008-4604-9567-88FB8D3C420C}
		{26AFE6E2-D9DE-44BC-BF0E-C60F01E0E536} = {1645503A-EAEB-4803-B911-690A00097476}
		{06F3816A-356D-44D3-99C1-92D371405D9D} = {0DFED4D0-EC1B-4D10-B9DF-8E2E25D1B0EA}
		{63A94C52-6805-473D-9B5C-FC57F08CCD40} = {06F3816A-356D-44D3-99C1-92D371405D9D}
		{3F44A354-B9F5-4FF9-8605-8F69F9AB3732} = {06F3816A-356D-44D3-99C1-92D371405D9D}
		{0185D6CE-F680-4EC8-B168-E6CD1F4FD448} = {3F44A354-B9F5-4FF9-8605-8F69F9AB3732}
		{3CBB7439-524C-4F91-9887-732A7FBF6385} = {0DFED4D0-EC1B-4D10-B9DF-8E2E25D1B0EA}
		{55130028-013D-4149-8B26-3B84154AECC7} = {EB44D350-30B5-47CE-90DD-4E27405FB5D0}
		{B499DD58-10B4-426D-B81F-1E6C0C1F3AB5} = {D1DA0045-A008-4604-9567-88FB8D3C420C}
		{69284848-5850-439E-8A74-434A0D00C3CF} = {EB44D350-30B5-47CE-90DD-4E27405FB5D0}
		{29D2BB85-F452-4D88-8DE8-524DAF1EF265} = {2EF35EA7-18D4-4F10-A980-E622B4B5EBB7}
		{42738221-433D-4A9D-89AE-3C73B472C503} = {2EF35EA7-18D4-4F10-A980-E622B4B5EBB7}
		{1F8D1899-6631-442C-BF10-D63165CD0AFD} = {2EF35EA7-18D4-4F10-A980-E622B4B5EBB7}
		{CE53F71D-5786-495D-9A85-D94EFA4FD971} = {1645503A-EAEB-4803-B911-690A00097476}
		{1EB33BEE-4513-4664-84F4-4E4194EC962F} = {CE53F71D-5786-495D-9A85-D94EFA4FD971}
		{CE10584A-EDC2-4BD7-83F5-EAE6EFD459F1} = {42738221-433D-4A9D-89AE-3C73B472C503}
		{95D91337-782A-4587-80CB-0074D9B2031D} = {2EF35EA7-18D4-4F10-A980-E622B4B5EBB7}
		{74649823-7900-47D9-8FBB-982CFF5E4F6C} = {EB44D350-30B5-47CE-90DD-4E27405FB5D0}
		{3CC18666-C172-4D05-9075-E697ADB9E503} = {42738221-433D-4A9D-89AE-3C73B472C503}
		{C006BBCC-0E57-439E-B9EC-CC983FBC76F1} = {42738221-433D-4A9D-89AE-3C73B472C503}
		{FB21FA9A-E128-4C25-BDD6-7EF9904A5972} = {EB44D350-30B5-47CE-90DD-4E27405FB5D0}
	EndGlobalSection
	GlobalSection(ExtensibilityGlobals) = postSolution
		SolutionGuid = {25C78223-B9F8-4A7A-B34E-2B38E5AEF704}
	EndGlobalSection
EndGlobal
