
Microsoft Visual Studio Solution File, Format Version 12.00
# Visual Studio Version 17
VisualStudioVersion = 17.0.31903.59
MinimumVisualStudioVersion = 10.0.40219.1
Project("{2150E333-8FDC-42A3-9474-1A3956D46DE8}") = "src", "src", "{17D426CB-06D7-46EF-924A-45DB89445B1A}"
EndProject
Project("{FAE04EC0-301F-11D3-BF4B-00C04F79EFBC}") = "Api", "src\Api\Api.csproj", "{BE74F35A-172C-4DE7-9B04-8FA401766070}"
EndProject
Project("{FAE04EC0-301F-11D3-BF4B-00C04F79EFBC}") = "Client", "src\Client\Client.csproj", "{FD77575C-8CF4-46E7-BA0D-C3BC671AA5BF}"
EndProject
Project("{FAE04EC0-301F-11D3-BF4B-00C04F79EFBC}") = "Shared", "src\Shared\Shared.csproj", "{E7C83897-D4F2-4479-8383-ED58D82B7067}"
EndProject
Global
	GlobalSection(SolutionConfigurationPlatforms) = preSolution
		Debug|Any CPU = Debug|Any CPU
		Release|Any CPU = Release|Any CPU
	EndGlobalSection
	GlobalSection(SolutionProperties) = preSolution
		HideSolutionNode = FALSE
	EndGlobalSection
	GlobalSection(ProjectConfigurationPlatforms) = postSolution
		{BE74F35A-172C-4DE7-9B04-8FA401766070}.Debug|Any CPU.ActiveCfg = Debug|Any CPU
		{BE74F35A-172C-4DE7-9B04-8FA401766070}.Debug|Any CPU.Build.0 = Debug|Any CPU
		{BE74F35A-172C-4DE7-9B04-8FA401766070}.Release|Any CPU.ActiveCfg = Release|Any CPU
		{BE74F35A-172C-4DE7-9B04-8FA401766070}.Release|Any CPU.Build.0 = Release|Any CPU
		{FD77575C-8CF4-46E7-BA0D-C3BC671AA5BF}.Debug|Any CPU.ActiveCfg = Debug|Any CPU
		{FD77575C-8CF4-46E7-BA0D-C3BC671AA5BF}.Debug|Any CPU.Build.0 = Debug|Any CPU
		{FD77575C-8CF4-46E7-BA0D-C3BC671AA5BF}.Release|Any CPU.ActiveCfg = Release|Any CPU
		{FD77575C-8CF4-46E7-BA0D-C3BC671AA5BF}.Release|Any CPU.Build.0 = Release|Any CPU
		{E7C83897-D4F2-4479-8383-ED58D82B7067}.Debug|Any CPU.ActiveCfg = Debug|Any CPU
		{E7C83897-D4F2-4479-8383-ED58D82B7067}.Debug|Any CPU.Build.0 = Debug|Any CPU
		{E7C83897-D4F2-4479-8383-ED58D82B7067}.Release|Any CPU.ActiveCfg = Release|Any CPU
		{E7C83897-D4F2-4479-8383-ED58D82B7067}.Release|Any CPU.Build.0 = Release|Any CPU
	EndGlobalSection
	GlobalSection(NestedProjects) = preSolution
		{BE74F35A-172C-4DE7-9B04-8FA401766070} = {17D426CB-06D7-46EF-924A-45DB89445B1A}
		{FD77575C-8CF4-46E7-BA0D-C3BC671AA5BF} = {17D426CB-06D7-46EF-924A-45DB89445B1A}
		{E7C83897-D4F2-4479-8383-ED58D82B7067} = {17D426CB-06D7-46EF-924A-45DB89445B1A}
	EndGlobalSection
EndGlobal
